Microsoft Visual Studio Solution File, Format Version 12.00
# Visual Studio Version 17
VisualStudioVersion = 17.13.35931.197
MinimumVisualStudioVersion = 10.0.40219.1
Project("{FAE04EC0-301F-11D3-BF4B-00C04F79EFBC}") = "Demo.Web", "Demo.Web\Demo.Web.csproj", "{6CC87E00-F849-4828-B6D1-2D14D4BD8E59}"
EndProject
Project("{FAE04EC0-301F-11D3-BF4B-00C04F79EFBC}") = "Demo.Domain", "Demo.Domain\Demo.Domain.csproj", "{58A0D865-8E38-40EC-A0E6-57AD0ECFAD50}"
EndProject
Project("{FAE04EC0-301F-11D3-BF4B-00C04F79EFBC}") = "Demo.Application", "Demo.Application\Demo.Application.csproj", "{3A9B4A9F-CB35-4192-BCED-B34BDF3557C9}"
EndProject
Project("{FAE04EC0-301F-11D3-BF4B-00C04F79EFBC}") = "Demo.Infrastructure", "Demo.Infrastructure\Demo.Infrastructure.csproj", "{CFADAA07-5680-4E8D-8897-D20B3655C0EA}"
EndProject
Project("{FAE04EC0-301F-11D3-BF4B-00C04F79EFBC}") = "Demo.Worker", "Demo.Worker\Demo.Worker.csproj", "{30D225A9-16EA-4C2E-A3BE-BFE4F2170579}"
EndProject
Global
	GlobalSection(SolutionConfigurationPlatforms) = preSolution
		Debug|Any CPU = Debug|Any CPU
		Release|Any CPU = Release|Any CPU
	EndGlobalSection
	GlobalSection(ProjectConfigurationPlatforms) = postSolution
		{6CC87E00-F849-4828-B6D1-2D14D4BD8E59}.Debug|Any CPU.ActiveCfg = Debug|Any CPU
		{6CC87E00-F849-4828-B6D1-2D14D4BD8E59}.Debug|Any CPU.Build.0 = Debug|Any CPU
		{6CC87E00-F849-4828-B6D1-2D14D4BD8E59}.Release|Any CPU.ActiveCfg = Release|Any CPU
		{6CC87E00-F849-4828-B6D1-2D14D4BD8E59}.Release|Any CPU.Build.0 = Release|Any CPU
		{58A0D865-8E38-40EC-A0E6-57AD0ECFAD50}.Debug|Any CPU.ActiveCfg = Debug|Any CPU
		{58A0D865-8E38-40EC-A0E6-57AD0ECFAD50}.Debug|Any CPU.Build.0 = Debug|Any CPU
		{58A0D865-8E38-40EC-A0E6-57AD0ECFAD50}.Release|Any CPU.ActiveCfg = Release|Any CPU
		{58A0D865-8E38-40EC-A0E6-57AD0ECFAD50}.Release|Any CPU.Build.0 = Release|Any CPU
		{3A9B4A9F-CB35-4192-BCED-B34BDF3557C9}.Debug|Any CPU.ActiveCfg = Debug|Any CPU
		{3A9B4A9F-CB35-4192-BCED-B34BDF3557C9}.Debug|Any CPU.Build.0 = Debug|Any CPU
		{3A9B4A9F-CB35-4192-BCED-B34BDF3557C9}.Release|Any CPU.ActiveCfg = Release|Any CPU
		{3A9B4A9F-CB35-4192-BCED-B34BDF3557C9}.Release|Any CPU.Build.0 = Release|Any CPU
		{CFADAA07-5680-4E8D-8897-D20B3655C0EA}.Debug|Any CPU.ActiveCfg = Debug|Any CPU
		{CFADAA07-5680-4E8D-8897-D20B3655C0EA}.Debug|Any CPU.Build.0 = Debug|Any CPU
		{CFADAA07-5680-4E8D-8897-D20B3655C0EA}.Release|Any CPU.ActiveCfg = Release|Any CPU
		{CFADAA07-5680-4E8D-8897-D20B3655C0EA}.Release|Any CPU.Build.0 = Release|Any CPU
		{30D225A9-16EA-4C2E-A3BE-BFE4F2170579}.Debug|Any CPU.ActiveCfg = Debug|Any CPU
		{30D225A9-16EA-4C2E-A3BE-BFE4F2170579}.Debug|Any CPU.Build.0 = Debug|Any CPU
		{30D225A9-16EA-4C2E-A3BE-BFE4F2170579}.Release|Any CPU.ActiveCfg = Release|Any CPU
		{30D225A9-16EA-4C2E-A3BE-BFE4F2170579}.Release|Any CPU.Build.0 = Release|Any CPU
	EndGlobalSection
	GlobalSection(SolutionProperties) = preSolution
		HideSolutionNode = FALSE
	EndGlobalSection
	GlobalSection(ExtensibilityGlobals) = postSolution
		SolutionGuid = {8CA000AC-CCCC-4372-9B81-822B382D5E17}
	EndGlobalSection
EndGlobal
